
Microsoft Visual Studio Solution File, Format Version 12.00
# Visual Studio Version 17
VisualStudioVersion = 17.5.33502.453
MinimumVisualStudioVersion = 10.0.40219.1
Project("{FAE04EC0-301F-11D3-BF4B-00C04F79EFBC}") = "EAD Assigmnet 01", "EAD Assigmnet 01\EAD Assigmnet 01.csproj", "{E4E8C12E-7855-434B-A31A-8F3898BEF87F}"
EndProject
Global
	GlobalSection(SolutionConfigurationPlatforms) = preSolution
		Debug|Any CPU = Debug|Any CPU
		Release|Any CPU = Release|Any CPU
	EndGlobalSection
	GlobalSection(ProjectConfigurationPlatforms) = postSolution
		{E4E8C12E-7855-434B-A31A-8F3898BEF87F}.Debug|Any CPU.ActiveCfg = Debug|Any CPU
		{E4E8C12E-7855-434B-A31A-8F3898BEF87F}.Debug|Any CPU.Build.0 = Debug|Any CPU
		{E4E8C12E-7855-434B-A31A-8F3898BEF87F}.Release|Any CPU.ActiveCfg = Release|Any CPU
		{E4E8C12E-7855-434B-A31A-8F3898BEF87F}.Release|Any CPU.Build.0 = Release|Any CPU
	EndGlobalSection
	GlobalSection(SolutionProperties) = preSolution
		HideSolutionNode = FALSE
	EndGlobalSection
	GlobalSection(ExtensibilityGlobals) = postSolution
		SolutionGuid = {9FE09CE0-A2B8-4930-AA09-B83DAEF2C28E}
	EndGlobalSection
EndGlobal
